
Microsoft Visual Studio Solution File, Format Version 12.00
# Visual Studio 2013
VisualStudioVersion = 12.0.0.0
MinimumVisualStudioVersion = 10.0.0.1
Project("{FAE04EC0-301F-11D3-BF4B-00C04F79EFBC}") = "RiderUnitTest", "RiderUnitTest\RiderUnitTest.csproj", "{855D8C56-CD15-4D3C-89D5-277B7664165C}"
EndProject
Project("{FAE04EC0-301F-11D3-BF4B-00C04F79EFBC}") = "Test", "Test\Test.csproj", "{0DDAC562-34FF-4001-BF21-168E09E0ECFC}"
EndProject
Global
	GlobalSection(SolutionConfigurationPlatforms) = preSolution
		Debug|Any CPU = Debug|Any CPU
		Release|Any CPU = Release|Any CPU
	EndGlobalSection
	GlobalSection(ProjectConfigurationPlatforms) = postSolution
		{855D8C56-CD15-4D3C-89D5-277B7664165C}.Debug|Any CPU.ActiveCfg = Debug|Any CPU
		{855D8C56-CD15-4D3C-89D5-277B7664165C}.Debug|Any CPU.Build.0 = Debug|Any CPU
		{855D8C56-CD15-4D3C-89D5-277B7664165C}.Release|Any CPU.ActiveCfg = Release|Any CPU
		{855D8C56-CD15-4D3C-89D5-277B7664165C}.Release|Any CPU.Build.0 = Release|Any CPU
		{0DDAC562-34FF-4001-BF21-168E09E0ECFC}.Debug|Any CPU.ActiveCfg = Debug|Any CPU
		{0DDAC562-34FF-4001-BF21-168E09E0ECFC}.Debug|Any CPU.Build.0 = Debug|Any CPU
		{0DDAC562-34FF-4001-BF21-168E09E0ECFC}.Release|Any CPU.ActiveCfg = Release|Any CPU
		{0DDAC562-34FF-4001-BF21-168E09E0ECFC}.Release|Any CPU.Build.0 = Release|Any CPU
	EndGlobalSection
	GlobalSection(SolutionProperties) = preSolution
		HideSolutionNode = FALSE
	EndGlobalSection
EndGlobal
